
Microsoft Visual Studio Solution File, Format Version 12.00
# Visual Studio 15
Project("{FAE04EC0-301F-11D3-BF4B-00C04F79EFBC}") = "client.Plugins", "client.Plugins.csproj", "{DCE3F3B7-609F-4DBF-0D1C-40F6524D31BF}"
EndProject
Project("{FAE04EC0-301F-11D3-BF4B-00C04F79EFBC}") = "client", "client.csproj", "{6439B0B6-C827-AC16-CD69-C4C5DF2BB0A7}"
EndProject
Project("{FAE04EC0-301F-11D3-BF4B-00C04F79EFBC}") = "client.Editor.Plugins", "client.Editor.Plugins.csproj", "{9A7FC4D5-9A6A-05CC-84CF-BF62A0C21854}"
EndProject
Project("{FAE04EC0-301F-11D3-BF4B-00C04F79EFBC}") = "client.Editor", "client.Editor.csproj", "{E4FE8E5F-E3D1-E0DD-0B76-A28609D76C6B}"
EndProject
Global
	GlobalSection(SolutionConfigurationPlatforms) = preSolution
		Debug|Any CPU = Debug|Any CPU
		Release|Any CPU = Release|Any CPU
	EndGlobalSection
	GlobalSection(ProjectConfigurationPlatforms) = postSolution
		{DCE3F3B7-609F-4DBF-0D1C-40F6524D31BF}.Debug|Any CPU.ActiveCfg = Debug|Any CPU
		{DCE3F3B7-609F-4DBF-0D1C-40F6524D31BF}.Debug|Any CPU.Build.0 = Debug|Any CPU
		{DCE3F3B7-609F-4DBF-0D1C-40F6524D31BF}.Release|Any CPU.ActiveCfg = Release|Any CPU
		{DCE3F3B7-609F-4DBF-0D1C-40F6524D31BF}.Release|Any CPU.Build.0 = Release|Any CPU
		{6439B0B6-C827-AC16-CD69-C4C5DF2BB0A7}.Debug|Any CPU.ActiveCfg = Debug|Any CPU
		{6439B0B6-C827-AC16-CD69-C4C5DF2BB0A7}.Debug|Any CPU.Build.0 = Debug|Any CPU
		{6439B0B6-C827-AC16-CD69-C4C5DF2BB0A7}.Release|Any CPU.ActiveCfg = Release|Any CPU
		{6439B0B6-C827-AC16-CD69-C4C5DF2BB0A7}.Release|Any CPU.Build.0 = Release|Any CPU
		{9A7FC4D5-9A6A-05CC-84CF-BF62A0C21854}.Debug|Any CPU.ActiveCfg = Debug|Any CPU
		{9A7FC4D5-9A6A-05CC-84CF-BF62A0C21854}.Debug|Any CPU.Build.0 = Debug|Any CPU
		{9A7FC4D5-9A6A-05CC-84CF-BF62A0C21854}.Release|Any CPU.ActiveCfg = Release|Any CPU
		{9A7FC4D5-9A6A-05CC-84CF-BF62A0C21854}.Release|Any CPU.Build.0 = Release|Any CPU
		{E4FE8E5F-E3D1-E0DD-0B76-A28609D76C6B}.Debug|Any CPU.ActiveCfg = Debug|Any CPU
		{E4FE8E5F-E3D1-E0DD-0B76-A28609D76C6B}.Debug|Any CPU.Build.0 = Debug|Any CPU
		{E4FE8E5F-E3D1-E0DD-0B76-A28609D76C6B}.Release|Any CPU.ActiveCfg = Release|Any CPU
		{E4FE8E5F-E3D1-E0DD-0B76-A28609D76C6B}.Release|Any CPU.Build.0 = Release|Any CPU
	EndGlobalSection
	GlobalSection(SolutionProperties) = preSolution
		HideSolutionNode = FALSE
	EndGlobalSection
EndGlobal
